
Microsoft Visual Studio Solution File, Format Version 12.00
# Visual Studio Version 16
VisualStudioVersion = 16.0.29709.97
MinimumVisualStudioVersion = 10.0.40219.1
Project("{FAE04EC0-301F-11D3-BF4B-00C04F79EFBC}") = "Wpf_ScadaProject", "Wpf_ScadaProject\Wpf_ScadaProject.csproj", "{1A5831BE-CF30-4868-ACC8-55B6601D8C88}"
EndProject
Project("{FAE04EC0-301F-11D3-BF4B-00C04F79EFBC}") = "TestPLCConnection", "TestPLCConnection\TestPLCConnection.csproj", "{613E165E-5527-4E1B-ABBF-D49F2AE10235}"
EndProject
Global
	GlobalSection(SolutionConfigurationPlatforms) = preSolution
		Debug|Any CPU = Debug|Any CPU
		Release|Any CPU = Release|Any CPU
	EndGlobalSection
	GlobalSection(ProjectConfigurationPlatforms) = postSolution
		{1A5831BE-CF30-4868-ACC8-55B6601D8C88}.Debug|Any CPU.ActiveCfg = Debug|Any CPU
		{1A5831BE-CF30-4868-ACC8-55B6601D8C88}.Debug|Any CPU.Build.0 = Debug|Any CPU
		{1A5831BE-CF30-4868-ACC8-55B6601D8C88}.Release|Any CPU.ActiveCfg = Release|Any CPU
		{1A5831BE-CF30-4868-ACC8-55B6601D8C88}.Release|Any CPU.Build.0 = Release|Any CPU
		{613E165E-5527-4E1B-ABBF-D49F2AE10235}.Debug|Any CPU.ActiveCfg = Debug|Any CPU
		{613E165E-5527-4E1B-ABBF-D49F2AE10235}.Debug|Any CPU.Build.0 = Debug|Any CPU
		{613E165E-5527-4E1B-ABBF-D49F2AE10235}.Release|Any CPU.ActiveCfg = Release|Any CPU
		{613E165E-5527-4E1B-ABBF-D49F2AE10235}.Release|Any CPU.Build.0 = Release|Any CPU
	EndGlobalSection
	GlobalSection(SolutionProperties) = preSolution
		HideSolutionNode = FALSE
	EndGlobalSection
	GlobalSection(ExtensibilityGlobals) = postSolution
		SolutionGuid = {3BAE0D28-6C9F-4730-A7ED-BF81472ECB52}
	EndGlobalSection
EndGlobal
